
Microsoft Visual Studio Solution File, Format Version 12.00
# Visual Studio Version 16
VisualStudioVersion = 16.0.29920.165
MinimumVisualStudioVersion = 10.0.40219.1
Project("{9A19103F-16F7-4668-BE54-9A1E7A4F7556}") = "ProjetoEstudo.Web", "ProjetoEstudo.Web\ProjetoEstudo.Web.csproj", "{1B013374-22F7-487C-BD5C-76FCEFE7B3DE}"
EndProject
Project("{9A19103F-16F7-4668-BE54-9A1E7A4F7556}") = "ProjetoEstudo.Dominio", "ProjetoEstudo.Dominio\ProjetoEstudo.Dominio.csproj", "{916805B5-21F2-4580-9C24-6CB776205DB1}"
EndProject
Project("{9A19103F-16F7-4668-BE54-9A1E7A4F7556}") = "ProjetoEstudo.Repositorio", "ProjetoEstudo.Repositorio\ProjetoEstudo.Repositorio.csproj", "{39BAEF95-84F4-47A4-B3B3-ED6A165836C2}"
EndProject
Global
	GlobalSection(SolutionConfigurationPlatforms) = preSolution
		Debug|Any CPU = Debug|Any CPU
		Release|Any CPU = Release|Any CPU
	EndGlobalSection
	GlobalSection(ProjectConfigurationPlatforms) = postSolution
		{1B013374-22F7-487C-BD5C-76FCEFE7B3DE}.Debug|Any CPU.ActiveCfg = Debug|Any CPU
		{1B013374-22F7-487C-BD5C-76FCEFE7B3DE}.Debug|Any CPU.Build.0 = Debug|Any CPU
		{1B013374-22F7-487C-BD5C-76FCEFE7B3DE}.Release|Any CPU.ActiveCfg = Release|Any CPU
		{1B013374-22F7-487C-BD5C-76FCEFE7B3DE}.Release|Any CPU.Build.0 = Release|Any CPU
		{916805B5-21F2-4580-9C24-6CB776205DB1}.Debug|Any CPU.ActiveCfg = Debug|Any CPU
		{916805B5-21F2-4580-9C24-6CB776205DB1}.Debug|Any CPU.Build.0 = Debug|Any CPU
		{916805B5-21F2-4580-9C24-6CB776205DB1}.Release|Any CPU.ActiveCfg = Release|Any CPU
		{916805B5-21F2-4580-9C24-6CB776205DB1}.Release|Any CPU.Build.0 = Release|Any CPU
		{39BAEF95-84F4-47A4-B3B3-ED6A165836C2}.Debug|Any CPU.ActiveCfg = Debug|Any CPU
		{39BAEF95-84F4-47A4-B3B3-ED6A165836C2}.Debug|Any CPU.Build.0 = Debug|Any CPU
		{39BAEF95-84F4-47A4-B3B3-ED6A165836C2}.Release|Any CPU.ActiveCfg = Release|Any CPU
		{39BAEF95-84F4-47A4-B3B3-ED6A165836C2}.Release|Any CPU.Build.0 = Release|Any CPU
	EndGlobalSection
	GlobalSection(SolutionProperties) = preSolution
		HideSolutionNode = FALSE
	EndGlobalSection
	GlobalSection(ExtensibilityGlobals) = postSolution
		SolutionGuid = {AB75C945-E7D9-4A74-BDFC-9FEDD1D1C1E4}
	EndGlobalSection
EndGlobal
